
Microsoft Visual Studio Solution File, Format Version 12.00
# Visual Studio Version 17
VisualStudioVersion = 17.4.32804.182
MinimumVisualStudioVersion = 10.0.40219.1
Project("{9A19103F-16F7-4668-BE54-9A1E7A4F7556}") = "BasicQueueExample", "BasicQueueExample\BasicQueueExample.csproj", "{84B4323D-A7B0-4C31-8B29-FC49FE999C6B}"
EndProject
Project("{2150E333-8FDC-42A3-9474-1A3956D46DE8}") = "Solution Items", "Solution Items", "{1DE1C721-9C57-4870-8F62-4EDBD3D20EC7}"
	ProjectSection(SolutionItems) = preProject
		README.md = README.md
	EndProjectSection
EndProject
Global
	GlobalSection(SolutionConfigurationPlatforms) = preSolution
		Debug|Any CPU = Debug|Any CPU
		Release|Any CPU = Release|Any CPU
	EndGlobalSection
	GlobalSection(ProjectConfigurationPlatforms) = postSolution
		{84B4323D-A7B0-4C31-8B29-FC49FE999C6B}.Debug|Any CPU.ActiveCfg = Debug|Any CPU
		{84B4323D-A7B0-4C31-8B29-FC49FE999C6B}.Debug|Any CPU.Build.0 = Debug|Any CPU
		{84B4323D-A7B0-4C31-8B29-FC49FE999C6B}.Release|Any CPU.ActiveCfg = Release|Any CPU
		{84B4323D-A7B0-4C31-8B29-FC49FE999C6B}.Release|Any CPU.Build.0 = Release|Any CPU
	EndGlobalSection
	GlobalSection(SolutionProperties) = preSolution
		HideSolutionNode = FALSE
	EndGlobalSection
	GlobalSection(ExtensibilityGlobals) = postSolution
		SolutionGuid = {9923A8C8-E989-4E9E-9DBE-7C30E18030C9}
	EndGlobalSection
EndGlobal
